// !$*UTF8*$!
{
	archiveVersion = 1;
	classes = {
	};
	objectVersion = 46;
	objects = {

/* Begin PBXBuildFile section */
		9538642C14EFB6B900101910 /* icon-gray.png in Resources */ = {isa = PBXBuildFile; fileRef = 9538642A14EFB6B900101910 /* icon-gray.png */; };
		9538642D14EFB6B900101910 /* icon-white.png in Resources */ = {isa = PBXBuildFile; fileRef = 9538642B14EFB6B900101910 /* icon-white.png */; };
		953A0BED14AE030B00200288 /* TransitionGalleryView.h in Headers */ = {isa = PBXBuildFile; fileRef = 9544D2BF14AE014A00470945 /* TransitionGalleryView.h */; };
		9544D2C214AE014C00470945 /* TransitionGalleryView.m in Sources */ = {isa = PBXBuildFile; fileRef = 9544D2C014AE014A00470945 /* TransitionGalleryView.m */; };
		9577142314EFCA0E00D4B8DB /* UIKit.framework in Frameworks */ = {isa = PBXBuildFile; fileRef = 95A4CF7114EBE7AF0081D0E6 /* UIKit.framework */; };
		957A979F14EBEDE3006930EB /* Cocoa.framework in Frameworks */ = {isa = PBXBuildFile; fileRef = 95A4CF4814EBE6F50081D0E6 /* Cocoa.framework */; };
		957A97AA14EBEDEA006930EB /* FPKGalleryFade.h in Sources */ = {isa = PBXBuildFile; fileRef = 95862E5414AC75AD002E11E8 /* FPKGalleryFade.h */; };
		957A97AB14EBEDED006930EB /* FPKGalleryFade.m in Sources */ = {isa = PBXBuildFile; fileRef = 95862E5514AC75AD002E11E8 /* FPKGalleryFade.m */; };
		957A97AC14EBEDED006930EB /* TransitionGalleryView.h in Sources */ = {isa = PBXBuildFile; fileRef = 9544D2BF14AE014A00470945 /* TransitionGalleryView.h */; };
		957A97AD14EBEDED006930EB /* TransitionGalleryView.m in Sources */ = {isa = PBXBuildFile; fileRef = 9544D2C014AE014A00470945 /* TransitionGalleryView.m */; };
		95862E5714AC7627002E11E8 /* FPKGalleryFade.h in Headers */ = {isa = PBXBuildFile; fileRef = 95862E5414AC75AD002E11E8 /* FPKGalleryFade.h */; settings = {ATTRIBUTES = (Public, ); }; };
		95862E5814AC7629002E11E8 /* FPKGalleryFade.m in Sources */ = {isa = PBXBuildFile; fileRef = 95862E5514AC75AD002E11E8 /* FPKGalleryFade.m */; };
		95C534B914ADEC28005B130E /* FPKGalleryFade-Prefix.pch in Headers */ = {isa = PBXBuildFile; fileRef = 95C534B614ADEC17005B130E /* FPKGalleryFade-Prefix.pch */; };
		95F0B8E814EE5BF800957D56 /* Params.plist in Resources */ = {isa = PBXBuildFile; fileRef = 958F9C9314E2671F00857E00 /* Params.plist */; };
/* End PBXBuildFile section */

/* Begin PBXFileReference section */
		9538642A14EFB6B900101910 /* icon-gray.png */ = {isa = PBXFileReference; lastKnownFileType = image.png; path = "icon-gray.png"; sourceTree = "<group>"; };
		9538642B14EFB6B900101910 /* icon-white.png */ = {isa = PBXFileReference; lastKnownFileType = image.png; path = "icon-white.png"; sourceTree = "<group>"; };
		9538642F14EFC92C00101910 /* FPKGalleryFadeBundle-Info.plist */ = {isa = PBXFileReference; lastKnownFileType = text.plist.xml; path = "FPKGalleryFadeBundle-Info.plist"; sourceTree = "<group>"; };
		9538643014EFC92C00101910 /* FPKGalleryFadeBundle-Prefix.pch */ = {isa = PBXFileReference; lastKnownFileType = sourcecode.c.h; path = "FPKGalleryFadeBundle-Prefix.pch"; sourceTree = "<group>"; };
		953C457414ADF84B00468EE6 /* FastPdfKit.framework */ = {isa = PBXFileReference; lastKnownFileType = wrapper.framework; path = FastPdfKit.framework; sourceTree = "<group>"; };
		953C457614ADF84B00468EE6 /* FastPdfKitFramework.xcconfig */ = {isa = PBXFileReference; lastKnownFileType = text.xcconfig; path = FastPdfKitFramework.xcconfig; sourceTree = "<group>"; };
		953C457714ADF84B00468EE6 /* FPKReaderBundle.bundle */ = {isa = PBXFileReference; lastKnownFileType = "wrapper.plug-in"; path = FPKReaderBundle.bundle; sourceTree = "<group>"; };
		953C457814ADF84B00468EE6 /* Snippets.txt */ = {isa = PBXFileReference; lastKnownFileType = text; path = Snippets.txt; sourceTree = "<group>"; };
		9544D2BF14AE014A00470945 /* TransitionGalleryView.h */ = {isa = PBXFileReference; lastKnownFileType = sourcecode.objj.h; path = TransitionGalleryView.h; sourceTree = "<group>"; };
		9544D2C014AE014A00470945 /* TransitionGalleryView.m */ = {isa = PBXFileReference; lastKnownFileType = sourcecode.c.objc; path = TransitionGalleryView.m; sourceTree = "<group>"; };
		957A979E14EBEDE3006930EB /* FPKGalleryFadeBundle.bundle */ = {isa = PBXFileReference; explicitFileType = wrapper.cfbundle; includeInIndex = 0; path = FPKGalleryFadeBundle.bundle; sourceTree = BUILT_PRODUCTS_DIR; };
		95862E5414AC75AD002E11E8 /* FPKGalleryFade.h */ = {isa = PBXFileReference; lastKnownFileType = sourcecode.objj.h; path = FPKGalleryFade.h; sourceTree = "<group>"; };
		95862E5514AC75AD002E11E8 /* FPKGalleryFade.m */ = {isa = PBXFileReference; lastKnownFileType = sourcecode.c.objc; path = FPKGalleryFade.m; sourceTree = "<group>"; };
		958F9C9314E2671F00857E00 /* Params.plist */ = {isa = PBXFileReference; lastKnownFileType = text.plist.xml; path = Params.plist; sourceTree = "<group>"; };
		958F9C9514E2673A00857E00 /* README.md */ = {isa = PBXFileReference; lastKnownFileType = text; path = README.md; sourceTree = SOURCE_ROOT; };
		95A4148714ACBD0F00249348 /* FPKShared.framework */ = {isa = PBXFileReference; lastKnownFileType = wrapper.framework; path = FPKShared.framework; sourceTree = "<group>"; };
		95A4CF4814EBE6F50081D0E6 /* Cocoa.framework */ = {isa = PBXFileReference; lastKnownFileType = wrapper.framework; name = Cocoa.framework; path = Library/Frameworks/Cocoa.framework; sourceTree = DEVELOPER_DIR; };
		95A4CF4B14EBE6F50081D0E6 /* AppKit.framework */ = {isa = PBXFileReference; lastKnownFileType = wrapper.framework; name = AppKit.framework; path = Library/Frameworks/AppKit.framework; sourceTree = SDKROOT; };
		95A4CF4C14EBE6F50081D0E6 /* CoreData.framework */ = {isa = PBXFileReference; lastKnownFileType = wrapper.framework; name = CoreData.framework; path = Library/Frameworks/CoreData.framework; sourceTree = SDKROOT; };
		95A4CF4D14EBE6F50081D0E6 /* Foundation.framework */ = {isa = PBXFileReference; lastKnownFileType = wrapper.framework; name = Foundation.framework; path = Library/Frameworks/Foundation.framework; sourceTree = SDKROOT; };
		95A4CF7114EBE7AF0081D0E6 /* UIKit.framework */ = {isa = PBXFileReference; lastKnownFileType = wrapper.framework; name = UIKit.framework; path = ../Common/UIKit.framework; sourceTree = "<group>"; };
		95C1C2F314AB4CD400E74E62 /* FPKGalleryFade.framework */ = {isa = PBXFileReference; explicitFileType = wrapper.cfbundle; includeInIndex = 0; path = FPKGalleryFade.framework; sourceTree = BUILT_PRODUCTS_DIR; };
		95C534B514ADEC17005B130E /* FPKGalleryFade-Info.plist */ = {isa = PBXFileReference; lastKnownFileType = text.plist.xml; path = "FPKGalleryFade-Info.plist"; sourceTree = "<group>"; };
		95C534B614ADEC17005B130E /* FPKGalleryFade-Prefix.pch */ = {isa = PBXFileReference; lastKnownFileType = sourcecode.c.h; path = "FPKGalleryFade-Prefix.pch"; sourceTree = "<group>"; };
		95C534B814ADEC1E005B130E /* en */ = {isa = PBXFileReference; lastKnownFileType = text.plist.strings; name = en; path = en.lproj/InfoPlist.strings; sourceTree = "<group>"; };
/* End PBXFileReference section */

/* Begin PBXFrameworksBuildPhase section */
		957A979B14EBEDE3006930EB /* Frameworks */ = {
			isa = PBXFrameworksBuildPhase;
			buildActionMask = 2147483647;
			files = (
				957A979F14EBEDE3006930EB /* Cocoa.framework in Frameworks */,
				9577142314EFCA0E00D4B8DB /* UIKit.framework in Frameworks */,
			);
			runOnlyForDeploymentPostprocessing = 0;
		};
		95C1C2EE14AB4CD400E74E62 /* Frameworks */ = {
			isa = PBXFrameworksBuildPhase;
			buildActionMask = 2147483647;
			files = (
			);
			runOnlyForDeploymentPostprocessing = 0;
		};
/* End PBXFrameworksBuildPhase section */

/* Begin PBXGroup section */
		953C457314ADF84B00468EE6 /* FastPdfKit.embeddedframework */ = {
			isa = PBXGroup;
			children = (
				953C457414ADF84B00468EE6 /* FastPdfKit.framework */,
				953C457514ADF84B00468EE6 /* Resources */,
			);
			name = FastPdfKit.embeddedframework;
			path = ../FPKShared/FastPdfKit.embeddedframework;
			sourceTree = "<group>";
		};
		953C457514ADF84B00468EE6 /* Resources */ = {
			isa = PBXGroup;
			children = (
				953C457614ADF84B00468EE6 /* FastPdfKitFramework.xcconfig */,
				953C457714ADF84B00468EE6 /* FPKReaderBundle.bundle */,
				953C457814ADF84B00468EE6 /* Snippets.txt */,
			);
			path = Resources;
			sourceTree = "<group>";
		};
		95A4147714ACBC7C00249348 /* Frameworks */ = {
			isa = PBXGroup;
			children = (
				95A4CF7114EBE7AF0081D0E6 /* UIKit.framework */,
				953C457314ADF84B00468EE6 /* FastPdfKit.embeddedframework */,
				95A4148614ACBD0F00249348 /* FPKShared.embeddedframework */,
				95A4CF4814EBE6F50081D0E6 /* Cocoa.framework */,
				95A4CF4A14EBE6F50081D0E6 /* Other Frameworks */,
			);
			name = Frameworks;
			sourceTree = "<group>";
		};
		95A4148614ACBD0F00249348 /* FPKShared.embeddedframework */ = {
			isa = PBXGroup;
			children = (
				95A4148714ACBD0F00249348 /* FPKShared.framework */,
				95A4148814ACBD0F00249348 /* Resources */,
			);
			name = FPKShared.embeddedframework;
			path = ../FPKShared/FPKShared.embeddedframework;
			sourceTree = "<group>";
		};
		95A4148814ACBD0F00249348 /* Resources */ = {
			isa = PBXGroup;
			children = (
			);
			path = Resources;
			sourceTree = "<group>";
		};
		95A4CF4A14EBE6F50081D0E6 /* Other Frameworks */ = {
			isa = PBXGroup;
			children = (
				95A4CF4B14EBE6F50081D0E6 /* AppKit.framework */,
				95A4CF4C14EBE6F50081D0E6 /* CoreData.framework */,
				95A4CF4D14EBE6F50081D0E6 /* Foundation.framework */,
			);
			name = "Other Frameworks";
			sourceTree = "<group>";
		};
		95C1C2E514AB4CD400E74E62 = {
			isa = PBXGroup;
			children = (
				95C1C30114AB4CDA00E74E62 /* Classes */,
				95A4147714ACBC7C00249348 /* Frameworks */,
				95C1C33A14AB630300E74E62 /* Supporting Files */,
				95C1C2F414AB4CD400E74E62 /* Products */,
			);
			sourceTree = "<group>";
		};
		95C1C2F414AB4CD400E74E62 /* Products */ = {
			isa = PBXGroup;
			children = (
				95C1C2F314AB4CD400E74E62 /* FPKGalleryFade.framework */,
				957A979E14EBEDE3006930EB /* FPKGalleryFadeBundle.bundle */,
			);
			name = Products;
			sourceTree = "<group>";
		};
		95C1C30114AB4CDA00E74E62 /* Classes */ = {
			isa = PBXGroup;
			children = (
				95862E5414AC75AD002E11E8 /* FPKGalleryFade.h */,
				95862E5514AC75AD002E11E8 /* FPKGalleryFade.m */,
				9544D2BF14AE014A00470945 /* TransitionGalleryView.h */,
				9544D2C014AE014A00470945 /* TransitionGalleryView.m */,
			);
			name = Classes;
			path = FPKExtension/Classes;
			sourceTree = "<group>";
		};
		95C1C33A14AB630300E74E62 /* Supporting Files */ = {
			isa = PBXGroup;
			children = (
				9538642A14EFB6B900101910 /* icon-gray.png */,
				9538642B14EFB6B900101910 /* icon-white.png */,
				95C534B714ADEC1E005B130E /* InfoPlist.strings */,
				95C534B514ADEC17005B130E /* FPKGalleryFade-Info.plist */,
				95C534B614ADEC17005B130E /* FPKGalleryFade-Prefix.pch */,
				9538642F14EFC92C00101910 /* FPKGalleryFadeBundle-Info.plist */,
				9538643014EFC92C00101910 /* FPKGalleryFadeBundle-Prefix.pch */,
				958F9C9314E2671F00857E00 /* Params.plist */,
				958F9C9514E2673A00857E00 /* README.md */,
			);
			name = "Supporting Files";
			path = FPK;
			sourceTree = "<group>";
		};
/* End PBXGroup section */

/* Begin PBXHeadersBuildPhase section */
		95C1C2EF14AB4CD400E74E62 /* Headers */ = {
			isa = PBXHeadersBuildPhase;
			buildActionMask = 2147483647;
			files = (
				95862E5714AC7627002E11E8 /* FPKGalleryFade.h in Headers */,
				95C534B914ADEC28005B130E /* FPKGalleryFade-Prefix.pch in Headers */,
				953A0BED14AE030B00200288 /* TransitionGalleryView.h in Headers */,
			);
			runOnlyForDeploymentPostprocessing = 0;
		};
/* End PBXHeadersBuildPhase section */

/* Begin PBXNativeTarget section */
		957A979D14EBEDE3006930EB /* FPKGalleryFadeBundle */ = {
			isa = PBXNativeTarget;
			buildConfigurationList = 957A97A714EBEDE3006930EB /* Build configuration list for PBXNativeTarget "FPKGalleryFadeBundle" */;
			buildPhases = (
				957A979A14EBEDE3006930EB /* Sources */,
				957A979B14EBEDE3006930EB /* Frameworks */,
				957A979C14EBEDE3006930EB /* Resources */,
				957A97AE14EBEE13006930EB /* ShellScript */,
			);
			buildRules = (
			);
			dependencies = (
			);
			name = FPKGalleryFadeBundle;
			productName = FPKGalleryFadeBundle;
			productReference = 957A979E14EBEDE3006930EB /* FPKGalleryFadeBundle.bundle */;
			productType = "com.apple.product-type.bundle";
		};
		95C1C2F214AB4CD400E74E62 /* FPKGalleryFade */ = {
			isa = PBXNativeTarget;
			buildConfigurationList = 95C1C2FE14AB4CD400E74E62 /* Build configuration list for PBXNativeTarget "FPKGalleryFade" */;
			buildPhases = (
				95C1C2EC14AB4CD400E74E62 /* ShellScript */,
				95C1C2ED14AB4CD400E74E62 /* Sources */,
				95C1C2EE14AB4CD400E74E62 /* Frameworks */,
				95C1C2EF14AB4CD400E74E62 /* Headers */,
				95C1C2F014AB4CD400E74E62 /* Resources */,
				95C1C2F114AB4CD400E74E62 /* ShellScript */,
			);
			buildRules = (
			);
			dependencies = (
			);
			name = FPKGalleryFade;
			productName = FPKSampleExtension;
			productReference = 95C1C2F314AB4CD400E74E62 /* FPKGalleryFade.framework */;
			productType = "com.apple.product-type.bundle";
		};
/* End PBXNativeTarget section */

/* Begin PBXProject section */
		95C1C2E714AB4CD400E74E62 /* Project object */ = {
			isa = PBXProject;
			attributes = {
				LastUpgradeCheck = 0420;
				ORGANIZATIONNAME = "MobFarm s.a.s.";
			};
			buildConfigurationList = 95C1C2EA14AB4CD400E74E62 /* Build configuration list for PBXProject "FPKGalleryFade" */;
			compatibilityVersion = "Xcode 3.2";
			developmentRegion = English;
			hasScannedForEncodings = 0;
			knownRegions = (
				en,
			);
			mainGroup = 95C1C2E514AB4CD400E74E62;
			productRefGroup = 95C1C2F414AB4CD400E74E62 /* Products */;
			projectDirPath = "";
			projectRoot = "";
			targets = (
				95C1C2F214AB4CD400E74E62 /* FPKGalleryFade */,
				957A979D14EBEDE3006930EB /* FPKGalleryFadeBundle */,
			);
		};
/* End PBXProject section */

/* Begin PBXResourcesBuildPhase section */
		957A979C14EBEDE3006930EB /* Resources */ = {
			isa = PBXResourcesBuildPhase;
			buildActionMask = 2147483647;
			files = (
				95F0B8E814EE5BF800957D56 /* Params.plist in Resources */,
				9538642C14EFB6B900101910 /* icon-gray.png in Resources */,
				9538642D14EFB6B900101910 /* icon-white.png in Resources */,
			);
			runOnlyForDeploymentPostprocessing = 0;
		};
		95C1C2F014AB4CD400E74E62 /* Resources */ = {
			isa = PBXResourcesBuildPhase;
			buildActionMask = 2147483647;
			files = (
			);
			runOnlyForDeploymentPostprocessing = 0;
		};
/* End PBXResourcesBuildPhase section */

/* Begin PBXShellScriptBuildPhase section */
		957A97AE14EBEE13006930EB /* ShellScript */ = {
			isa = PBXShellScriptBuildPhase;
			buildActionMask = 2147483647;
			files = (
			);
			inputPaths = (
			);
			outputPaths = (
			);
			runOnlyForDeploymentPostprocessing = 0;
			shellPath = /bin/sh;
			shellScript = "echo \"Copying the Framework to the project directory\"\nrm -rf \"${PROJECT_DIR}/FPKGalleryFade.bundle\"\ncp -a \"${BUILD_DIR}/${CONFIGURATION}/FPKGalleryFadeBundle.bundle\" \"${PROJECT_DIR}/\"\n// mv \"${PROJECT_DIR}/FPKGalleryFadeBundle.bundle\" \"FPKGalleryFade.bundle\"\nrm -rf \"${PROJECT_DIR}/build\"";
		};
		95C1C2EC14AB4CD400E74E62 /* ShellScript */ = {
			isa = PBXShellScriptBuildPhase;
			buildActionMask = 2147483647;
			files = (
			);
			inputPaths = (
			);
			outputPaths = (
			);
			runOnlyForDeploymentPostprocessing = 0;
			shellPath = /bin/sh;
			shellScript = "set -e\n\nset +u\nif [[ $UFW_MASTER_SCRIPT_RUNNING ]]\nthen\n    # Nothing for the slave script to do\n    exit 0\nfi\nset -u\n\nif [[ \"$SDK_NAME\" =~ ([A-Za-z]+) ]]\nthen\n    UFW_SDK_PLATFORM=${BASH_REMATCH[1]}\nelse\n    echo \"Could not find platform name from SDK_NAME: $SDK_NAME\"\n    exit 1\nfi\n\nif [[ \"$SDK_NAME\" =~ ([0-9]+.*$) ]]\nthen\n\tUFW_SDK_VERSION=${BASH_REMATCH[1]}\nelse\n    echo \"Could not find sdk version  from SDK_NAME: $SDK_NAME\"\n    exit 1\nfi\n\nif [[ \"$UFW_SDK_PLATFORM\" = \"iphoneos\" ]]\nthen\n    UFW_OTHER_PLATFORM=iphonesimulator\nelse\n    UFW_OTHER_PLATFORM=iphoneos\nfi\n\nif [[ \"$BUILT_PRODUCTS_DIR\" =~ (.*)$UFW_SDK_PLATFORM$ ]]\nthen\n    UFW_OTHER_BUILT_PRODUCTS_DIR=\"${BASH_REMATCH[1]}${UFW_OTHER_PLATFORM}\"\nelse\n    echo \"Could not find $UFW_SDK_PLATFORM in $BUILT_PRODUCTS_DIR\"\n    exit 1\nfi\n\n\n# Short-circuit if all binaries are up to date\n\nif [[ -f \"${BUILT_PRODUCTS_DIR}/${EXECUTABLE_PATH}\" ]] && \\\n   [[ -f \"${BUILT_PRODUCTS_DIR}/${PRODUCT_NAME}.embeddedframework/${EXECUTABLE_PATH}\" ]] && \\\n   [[ ! \"${BUILT_PRODUCTS_DIR}/${EXECUTABLE_PATH}\" -nt \"${BUILT_PRODUCTS_DIR}/${PRODUCT_NAME}.embeddedframework/${EXECUTABLE_PATH}\" ]]\n   [[ -f \"${UFW_OTHER_BUILT_PRODUCTS_DIR}/${EXECUTABLE_PATH}\" ]] && \\\n   [[ -f \"${UFW_OTHER_BUILT_PRODUCTS_DIR}/${PRODUCT_NAME}.embeddedframework/${EXECUTABLE_PATH}\" ]] && \\\n   [[ ! \"${UFW_OTHER_BUILT_PRODUCTS_DIR}/${EXECUTABLE_PATH}\" -nt \"${UFW_OTHER_BUILT_PRODUCTS_DIR}/${PRODUCT_NAME}.embeddedframework/${EXECUTABLE_PATH}\" ]]\nthen\n    exit 0\nfi\n\n\n# Clean other platform if needed\n\nif [[ ! -f \"${BUILT_PRODUCTS_DIR}/${EXECUTABLE_PATH}\" ]]\nthen\n\techo \"Platform \\\"$UFW_SDK_PLATFORM\\\" was cleaned recently. Cleaning \\\"$UFW_OTHER_PLATFORM\\\" as well\"\n\techo xcodebuild -project \"${PROJECT_FILE_PATH}\" -target \"${TARGET_NAME}\" -configuration \"${CONFIGURATION}\" -sdk ${UFW_OTHER_PLATFORM}${UFW_SDK_VERSION} BUILD_DIR=\"${BUILD_DIR}\" CONFIGURATION_TEMP_DIR=\"${PROJECT_TEMP_DIR}/${CONFIGURATION}-${UFW_OTHER_PLATFORM}\" clean\n\txcodebuild -project \"${PROJECT_FILE_PATH}\" -target \"${TARGET_NAME}\" -configuration \"${CONFIGURATION}\" -sdk ${UFW_OTHER_PLATFORM}${UFW_SDK_VERSION} BUILD_DIR=\"${BUILD_DIR}\" CONFIGURATION_TEMP_DIR=\"${PROJECT_TEMP_DIR}/${CONFIGURATION}-${UFW_OTHER_PLATFORM}\" clean\nfi\n\n\n# Make sure we are building from fresh binaries\n\nrm -rf \"${BUILT_PRODUCTS_DIR}/${EXECUTABLE_PATH}\"\nrm -rf \"${BUILT_PRODUCTS_DIR}/${PRODUCT_NAME}.embeddedframework\"\nrm -rf \"${UFW_OTHER_BUILT_PRODUCTS_DIR}/${EXECUTABLE_PATH}\"\nrm -rf \"${UFW_OTHER_BUILT_PRODUCTS_DIR}/${PRODUCT_NAME}.embeddedframework\"\n";
		};
		95C1C2F114AB4CD400E74E62 /* ShellScript */ = {
			isa = PBXShellScriptBuildPhase;
			buildActionMask = 2147483647;
			files = (
			);
			inputPaths = (
			);
			outputPaths = (
			);
			runOnlyForDeploymentPostprocessing = 0;
			shellPath = /bin/sh;
			shellScript = "set -e\n\nset +u\nif [[ $UFW_MASTER_SCRIPT_RUNNING ]]\nthen\n    # Nothing for the slave script to do\n    exit 0\nfi\nset -u\nexport UFW_MASTER_SCRIPT_RUNNING=1\n\n\n# Functions\n\n## List files in the specified directory, storing to the specified array.\n#\n# @param $1 The path to list\n# @param $2 The name of the array to fill\n#\n##\nlist_files ()\n{\n    filelist=$(ls \"$1\")\n    while read line\n    do\n        eval \"$2[\\${#$2[*]}]=\\\"\\$line\\\"\"\n    done <<< \"$filelist\"\n}\n\n\n# Sanity check\n\nif [[ ! -f \"${BUILT_PRODUCTS_DIR}/${EXECUTABLE_PATH}\" ]]\nthen\n    echo \"Framework target \\\"${TARGET_NAME}\\\" had no source files to build from. Make sure your source files have the correct target membership\"\n    exit 1\nfi\n\n\n# Gather information\n\nif [[ \"$SDK_NAME\" =~ ([A-Za-z]+) ]]\nthen\n    UFW_SDK_PLATFORM=${BASH_REMATCH[1]}\nelse\n    echo \"Could not find platform name from SDK_NAME: $SDK_NAME\"\n    exit 1\nfi\n\nif [[ \"$SDK_NAME\" =~ ([0-9]+.*$) ]]\nthen\n    UFW_SDK_VERSION=${BASH_REMATCH[1]}\nelse\n    echo \"Could not find sdk version from SDK_NAME: $SDK_NAME\"\n    exit 1\nfi\n\nif [[ \"$UFW_SDK_PLATFORM\" = \"iphoneos\" ]]\nthen\n    UFW_OTHER_PLATFORM=iphonesimulator\nelse\n    UFW_OTHER_PLATFORM=iphoneos\nfi\n\nif [[ \"$BUILT_PRODUCTS_DIR\" =~ (.*)$UFW_SDK_PLATFORM$ ]]\nthen\n    UFW_OTHER_BUILT_PRODUCTS_DIR=\"${BASH_REMATCH[1]}${UFW_OTHER_PLATFORM}\"\nelse\n    echo \"Could not find $UFW_SDK_PLATFORM in $BUILT_PRODUCTS_DIR\"\n    exit 1\nfi\n\n\n# Short-circuit if all binaries are up to date.\n# We already checked the other platform in the prerun script.\n\nif [[ -f \"${BUILT_PRODUCTS_DIR}/${EXECUTABLE_PATH}\" ]] && [[ -f \"${BUILT_PRODUCTS_DIR}/${PRODUCT_NAME}.embeddedframework/${EXECUTABLE_PATH}\" ]] && [[ ! \"${BUILT_PRODUCTS_DIR}/${EXECUTABLE_PATH}\" -nt \"${BUILT_PRODUCTS_DIR}/${PRODUCT_NAME}.embeddedframework/${EXECUTABLE_PATH}\" ]]\nthen\n    exit 0\nfi\n\n\n# Make sure the other platform gets built\n\necho \"Build other platform\"\n\necho xcodebuild -project \"${PROJECT_FILE_PATH}\" -target \"${TARGET_NAME}\" -configuration \"${CONFIGURATION}\" -sdk ${UFW_OTHER_PLATFORM}${UFW_SDK_VERSION} BUILD_DIR=\"${BUILD_DIR}\" CONFIGURATION_TEMP_DIR=\"${PROJECT_TEMP_DIR}/${CONFIGURATION}-${UFW_OTHER_PLATFORM}\" $ACTION\nxcodebuild -project \"${PROJECT_FILE_PATH}\" -target \"${TARGET_NAME}\" -configuration \"${CONFIGURATION}\" -sdk ${UFW_OTHER_PLATFORM}${UFW_SDK_VERSION} BUILD_DIR=\"${BUILD_DIR}\" CONFIGURATION_TEMP_DIR=\"${PROJECT_TEMP_DIR}/${CONFIGURATION}-${UFW_OTHER_PLATFORM}\" $ACTION\n\n\n# Build the fat static library binary\n\necho \"Create universal static library\"\n\necho \"$PLATFORM_DEVELOPER_BIN_DIR/libtool\" -static \"${BUILT_PRODUCTS_DIR}/${EXECUTABLE_PATH}\" \"${UFW_OTHER_BUILT_PRODUCTS_DIR}/${EXECUTABLE_PATH}\" -o \"${BUILT_PRODUCTS_DIR}/${EXECUTABLE_PATH}.temp\"\n\"$PLATFORM_DEVELOPER_BIN_DIR/libtool\" -static \"${BUILT_PRODUCTS_DIR}/${EXECUTABLE_PATH}\" \"${UFW_OTHER_BUILT_PRODUCTS_DIR}/${EXECUTABLE_PATH}\" -o \"${BUILT_PRODUCTS_DIR}/${EXECUTABLE_PATH}.temp\"\n\necho mv \"${BUILT_PRODUCTS_DIR}/${EXECUTABLE_PATH}.temp\" \"${BUILT_PRODUCTS_DIR}/${EXECUTABLE_PATH}\"\nmv \"${BUILT_PRODUCTS_DIR}/${EXECUTABLE_PATH}.temp\" \"${BUILT_PRODUCTS_DIR}/${EXECUTABLE_PATH}\"\n\n\n# Build framework structure\n\necho \"Build symlinks\"\n\necho ln -sf A \"${BUILT_PRODUCTS_DIR}/${WRAPPER_NAME}/Versions/Current\"\nln -sf A \"${BUILT_PRODUCTS_DIR}/${WRAPPER_NAME}/Versions/Current\"\necho ln -sf Versions/Current/Headers \"${BUILT_PRODUCTS_DIR}/${WRAPPER_NAME}/Headers\"\nln -sf Versions/Current/Headers \"${BUILT_PRODUCTS_DIR}/${WRAPPER_NAME}/Headers\"\necho ln -sf Versions/Current/Resources \"${BUILT_PRODUCTS_DIR}/${WRAPPER_NAME}/Resources\"\nln -sf Versions/Current/Resources \"${BUILT_PRODUCTS_DIR}/${WRAPPER_NAME}/Resources\"\necho ln -sf \"Versions/Current/${EXECUTABLE_NAME}\" \"${BUILT_PRODUCTS_DIR}/${WRAPPER_NAME}/${EXECUTABLE_NAME}\"\nln -sf \"Versions/Current/${EXECUTABLE_NAME}\" \"${BUILT_PRODUCTS_DIR}/${WRAPPER_NAME}/${EXECUTABLE_NAME}\"\n\n\n# Link to binary for unit tests\n\nmkdir -p \"${BUILT_PRODUCTS_DIR}/.fake_fw_testing.framework\"\nln -sf \"../${WRAPPER_NAME}/${EXECUTABLE_NAME}\" \"${BUILT_PRODUCTS_DIR}/.fake_fw_testing.framework/.fake_fw_testing\"\n\n\n# Build embedded framework structure\n\necho \"Build Embedded Framework\"\n\necho rm -rf \"${BUILT_PRODUCTS_DIR}/${PRODUCT_NAME}.embeddedframework\"\nrm -rf \"${BUILT_PRODUCTS_DIR}/${PRODUCT_NAME}.embeddedframework\"\necho mkdir -p \"${BUILT_PRODUCTS_DIR}/${PRODUCT_NAME}.embeddedframework/Resources\"\nmkdir -p \"${BUILT_PRODUCTS_DIR}/${PRODUCT_NAME}.embeddedframework/Resources\"\necho cp -a \"${BUILT_PRODUCTS_DIR}/${WRAPPER_NAME}\" \"${BUILT_PRODUCTS_DIR}/${PRODUCT_NAME}.embeddedframework/\"\ncp -a \"${BUILT_PRODUCTS_DIR}/${WRAPPER_NAME}\" \"${BUILT_PRODUCTS_DIR}/${PRODUCT_NAME}.embeddedframework/\"\n\ndeclare -a UFW_FILE_LIST\nlist_files \"${BUILT_PRODUCTS_DIR}/${UNLOCALIZED_RESOURCES_FOLDER_PATH}\" UFW_FILE_LIST\nfor filename in \"${UFW_FILE_LIST[@]}\"\ndo\n    if [[ \"${filename}\" != \"Info.plist\" ]] && [[ ! \"${filename}\" =~ .*\\.lproj$ ]]\n    then\n        echo ln -sf \"../${WRAPPER_NAME}/Resources/${filename}\" \"${BUILT_PRODUCTS_DIR}/${PRODUCT_NAME}.embeddedframework/Resources/${filename}\"\n        ln -sf \"../${WRAPPER_NAME}/Resources/${filename}\" \"${BUILT_PRODUCTS_DIR}/${PRODUCT_NAME}.embeddedframework/Resources/${filename}\"\n    fi\ndone\n\n\n# Replace other platform's framework with a copy of this one (so that both have the same universal binary)\n\necho \"Copy from $UFW_SDK_PLATFORM to $UFW_OTHER_PLATFORM\"\n\necho rm -rf \"${BUILD_DIR}/${CONFIGURATION}-${UFW_OTHER_PLATFORM}\"\nrm -rf \"${BUILD_DIR}/${CONFIGURATION}-${UFW_OTHER_PLATFORM}\"\necho cp -a \"${BUILD_DIR}/${CONFIGURATION}-${UFW_SDK_PLATFORM}\" \"${BUILD_DIR}/${CONFIGURATION}-${UFW_OTHER_PLATFORM}\"\ncp -a \"${BUILD_DIR}/${CONFIGURATION}-${UFW_SDK_PLATFORM}\" \"${BUILD_DIR}/${CONFIGURATION}-${UFW_OTHER_PLATFORM}\"\n\necho \"Copying the Framework to the project directory\"\nrm -rf \"${PROJECT_DIR}/${PRODUCT_NAME}.embeddedframework\"\ncp -a \"${BUILD_DIR}/${CONFIGURATION}-${UFW_OTHER_PLATFORM}/${PRODUCT_NAME}.embeddedframework\" \"${PROJECT_DIR}/\"\nrm -rf \"${PROJECT_DIR}/build\"";
		};
/* End PBXShellScriptBuildPhase section */

/* Begin PBXSourcesBuildPhase section */
		957A979A14EBEDE3006930EB /* Sources */ = {
			isa = PBXSourcesBuildPhase;
			buildActionMask = 2147483647;
			files = (
				957A97AA14EBEDEA006930EB /* FPKGalleryFade.h in Sources */,
				957A97AB14EBEDED006930EB /* FPKGalleryFade.m in Sources */,
				957A97AC14EBEDED006930EB /* TransitionGalleryView.h in Sources */,
				957A97AD14EBEDED006930EB /* TransitionGalleryView.m in Sources */,
			);
			runOnlyForDeploymentPostprocessing = 0;
		};
		95C1C2ED14AB4CD400E74E62 /* Sources */ = {
			isa = PBXSourcesBuildPhase;
			buildActionMask = 2147483647;
			files = (
				95862E5814AC7629002E11E8 /* FPKGalleryFade.m in Sources */,
				9544D2C214AE014C00470945 /* TransitionGalleryView.m in Sources */,
			);
			runOnlyForDeploymentPostprocessing = 0;
		};
/* End PBXSourcesBuildPhase section */

/* Begin PBXVariantGroup section */
		95C534B714ADEC1E005B130E /* InfoPlist.strings */ = {
			isa = PBXVariantGroup;
			children = (
				95C534B814ADEC1E005B130E /* en */,
			);
			name = InfoPlist.strings;
			sourceTree = "<group>";
		};
/* End PBXVariantGroup section */

/* Begin XCBuildConfiguration section */
		957A97A814EBEDE3006930EB /* Debug */ = {
			isa = XCBuildConfiguration;
			buildSettings = {
				ARCHS = "$(ARCHS_STANDARD_32_64_BIT)";
				FRAMEWORK_SEARCH_PATHS = (
					"$(inherited)",
					"\"$(DEVELOPER_FRAMEWORKS_DIR)\"",
					"\"$(SRCROOT)\"",
					"\"$(SRCROOT)/../FPKShared/FastPdfKit.embeddedframework\"",
					"\"$(SRCROOT)/../FPKShared/FPKShared.embeddedframework\"",
					"\"$(SRCROOT)/../Common\"",
				);
				GCC_ENABLE_OBJC_EXCEPTIONS = YES;
				GCC_PRECOMPILE_PREFIX_HEADER = YES;
				GCC_PREFIX_HEADER = "FPK/FPKGalleryFadeBundle-Prefix.pch";
				GCC_WARN_64_TO_32_BIT_CONVERSION = YES;
				INFOPLIST_FILE = "FPK/FPKGalleryFadeBundle-Info.plist";
				INSTALL_PATH = "$(LOCAL_LIBRARY_DIR)/Bundles";
				MACOSX_DEPLOYMENT_TARGET = 10.7;
				ONLY_ACTIVE_ARCH = YES;
				PRODUCT_NAME = "$(TARGET_NAME)";
				SDKROOT = macosx;
				WRAPPER_EXTENSION = bundle;
			};
			name = Debug;
		};
		957A97A914EBEDE3006930EB /* Release */ = {
			isa = XCBuildConfiguration;
			buildSettings = {
				ARCHS = "$(ARCHS_STANDARD_32_64_BIT)";
				DEBUG_INFORMATION_FORMAT = "dwarf-with-dsym";
				FRAMEWORK_SEARCH_PATHS = (
					"$(inherited)",
					"\"$(DEVELOPER_FRAMEWORKS_DIR)\"",
					"\"$(SRCROOT)\"",
					"\"$(SRCROOT)/../FPKShared/FastPdfKit.embeddedframework\"",
					"\"$(SRCROOT)/../FPKShared/FPKShared.embeddedframework\"",
					"\"$(SRCROOT)/../Common\"",
				);
				GCC_ENABLE_OBJC_EXCEPTIONS = YES;
				GCC_PRECOMPILE_PREFIX_HEADER = YES;
				GCC_PREFIX_HEADER = "FPK/FPKGalleryFadeBundle-Prefix.pch";
				GCC_WARN_64_TO_32_BIT_CONVERSION = YES;
				INFOPLIST_FILE = "FPK/FPKGalleryFadeBundle-Info.plist";
				INSTALL_PATH = "$(LOCAL_LIBRARY_DIR)/Bundles";
				MACOSX_DEPLOYMENT_TARGET = 10.7;
				PRODUCT_NAME = "$(TARGET_NAME)";
				SDKROOT = macosx;
				WRAPPER_EXTENSION = bundle;
			};
			name = Release;
		};
		95C1C2FC14AB4CD400E74E62 /* Debug */ = {
			isa = XCBuildConfiguration;
			buildSettings = {
				ALWAYS_SEARCH_USER_PATHS = NO;
				ARCHS = "$(ARCHS_STANDARD_32_BIT)";
				COPY_PHASE_STRIP = NO;
				GCC_C_LANGUAGE_STANDARD = gnu99;
				GCC_DYNAMIC_NO_PIC = NO;
				GCC_OPTIMIZATION_LEVEL = 0;
				GCC_PREPROCESSOR_DEFINITIONS = (
					"DEBUG=1",
					"$(inherited)",
				);
				GCC_SYMBOLS_PRIVATE_EXTERN = NO;
				GCC_VERSION = com.apple.compilers.llvm.clang.1_0;
				GCC_WARN_ABOUT_MISSING_PROTOTYPES = YES;
				GCC_WARN_ABOUT_RETURN_TYPE = YES;
				GCC_WARN_UNUSED_VARIABLE = YES;
				IPHONEOS_DEPLOYMENT_TARGET = 5.0;
				SDKROOT = iphoneos;
			};
			name = Debug;
		};
		95C1C2FD14AB4CD400E74E62 /* Release */ = {
			isa = XCBuildConfiguration;
			buildSettings = {
				ALWAYS_SEARCH_USER_PATHS = NO;
				ARCHS = "$(ARCHS_STANDARD_32_BIT)";
				COPY_PHASE_STRIP = YES;
				GCC_C_LANGUAGE_STANDARD = gnu99;
				GCC_VERSION = com.apple.compilers.llvm.clang.1_0;
				GCC_WARN_ABOUT_MISSING_PROTOTYPES = YES;
				GCC_WARN_ABOUT_RETURN_TYPE = YES;
				GCC_WARN_UNUSED_VARIABLE = YES;
				IPHONEOS_DEPLOYMENT_TARGET = 5.0;
				SDKROOT = iphoneos;
				VALIDATE_PRODUCT = YES;
			};
			name = Release;
		};
		95C1C2FF14AB4CD400E74E62 /* Debug */ = {
			isa = XCBuildConfiguration;
			buildSettings = {
				ARCHS = (
					armv6,
					"$(ARCHS_STANDARD_32_BIT)",
				);
				CONTENTS_FOLDER_PATH = "$(WRAPPER_NAME)/Versions/$(FRAMEWORK_VERSION)";
				DEAD_CODE_STRIPPING = NO;
				DEPLOYMENT_POSTPROCESSING = YES;
				DYLIB_COMPATIBILITY_VERSION = 1;
				DYLIB_CURRENT_VERSION = 1;
				FRAMEWORK_SEARCH_PATHS = (
					"$(inherited)",
					"\"$(SRCROOT)/../FPKShared/FPKShared.embeddedframework\"",
					"\"$(SRCROOT)/../FPKShared/FastPdfKit.embeddedframework\"",
				);
				FRAMEWORK_VERSION = A;
				GCC_PRECOMPILE_PREFIX_HEADER = YES;
				GCC_PREFIX_HEADER = "FPK/FPKGalleryFade-Prefix.pch";
				INFOPLIST_FILE = "FPK/FPKGalleryFade-Info.plist";
				INFOPLIST_PATH = "$(UNLOCALIZED_RESOURCES_FOLDER_PATH)/Info.plist";
				INSTALL_PATH = "$(BUILT_PRODUCTS_DIR)";
				LINK_WITH_STANDARD_LIBRARIES = NO;
				MACH_O_TYPE = mh_object;
				PRODUCT_NAME = FPKGalleryFade;
				SKIP_INSTALL = YES;
				UNLOCALIZED_RESOURCES_FOLDER_PATH = "$(CONTENTS_FOLDER_PATH)/Resources";
				WRAPPER_EXTENSION = framework;
			};
			name = Debug;
		};
		95C1C30014AB4CD400E74E62 /* Release */ = {
			isa = XCBuildConfiguration;
			buildSettings = {
				ARCHS = (
					armv6,
					"$(ARCHS_STANDARD_32_BIT)",
				);
				CONTENTS_FOLDER_PATH = "$(WRAPPER_NAME)/Versions/$(FRAMEWORK_VERSION)";
				DEAD_CODE_STRIPPING = NO;
				DEPLOYMENT_POSTPROCESSING = YES;
				DYLIB_COMPATIBILITY_VERSION = 1;
				DYLIB_CURRENT_VERSION = 1;
				FRAMEWORK_SEARCH_PATHS = (
					"$(inherited)",
					"\"$(SRCROOT)/../FPKShared/FPKShared.embeddedframework\"",
					"\"$(SRCROOT)/../FPKShared/FastPdfKit.embeddedframework\"",
				);
				FRAMEWORK_VERSION = A;
				GCC_PRECOMPILE_PREFIX_HEADER = YES;
				GCC_PREFIX_HEADER = "FPK/FPKGalleryFade-Prefix.pch";
				INFOPLIST_FILE = "FPK/FPKGalleryFade-Info.plist";
				INFOPLIST_PATH = "$(UNLOCALIZED_RESOURCES_FOLDER_PATH)/Info.plist";
				INSTALL_PATH = "$(BUILT_PRODUCTS_DIR)";
				LINK_WITH_STANDARD_LIBRARIES = NO;
				MACH_O_TYPE = mh_object;
				PRODUCT_NAME = FPKGalleryFade;
				SKIP_INSTALL = YES;
				UNLOCALIZED_RESOURCES_FOLDER_PATH = "$(CONTENTS_FOLDER_PATH)/Resources";
				WRAPPER_EXTENSION = framework;
			};
			name = Release;
		};
/* End XCBuildConfiguration section */

/* Begin XCConfigurationList section */
		957A97A714EBEDE3006930EB /* Build configuration list for PBXNativeTarget "FPKGalleryFadeBundle" */ = {
			isa = XCConfigurationList;
			buildConfigurations = (
				957A97A814EBEDE3006930EB /* Debug */,
				957A97A914EBEDE3006930EB /* Release */,
			);
			defaultConfigurationIsVisible = 0;
			defaultConfigurationName = Release;
		};
		95C1C2EA14AB4CD400E74E62 /* Build configuration list for PBXProject "FPKGalleryFade" */ = {
			isa = XCConfigurationList;
			buildConfigurations = (
				95C1C2FC14AB4CD400E74E62 /* Debug */,
				95C1C2FD14AB4CD400E74E62 /* Release */,
			);
			defaultConfigurationIsVisible = 0;
			defaultConfigurationName = Release;
		};
		95C1C2FE14AB4CD400E74E62 /* Build configuration list for PBXNativeTarget "FPKGalleryFade" */ = {
			isa = XCConfigurationList;
			buildConfigurations = (
				95C1C2FF14AB4CD400E74E62 /* Debug */,
				95C1C30014AB4CD400E74E62 /* Release */,
			);
			defaultConfigurationIsVisible = 0;
			defaultConfigurationName = Release;
		};
/* End XCConfigurationList section */
	};
	rootObject = 95C1C2E714AB4CD400E74E62 /* Project object */;
}
